{
  "projects": [
    {
      "projectId": "byT51ah2LGWp7TY4NhRWN5",
      "version": "latest",
      "dependencies": {},
      "lang": "js",
      "fileLocks": [
        {
          "type": "globalVariant",
          "assetId": "ZHblDRlCkyA0O",
          "checksum": "9ef84416f9865106265f35fabdbbff93"
        },
        {
          "type": "renderModule",
          "assetId": "0ttrvnk3PBsW",
          "checksum": "582e61616f178b8f9dbc980a789b4538"
        },
        {
          "type": "cssRules",
          "assetId": "0ttrvnk3PBsW",
          "checksum": "582e61616f178b8f9dbc980a789b4538"
        },
        {
          "type": "renderModule",
          "assetId": "xVVehOIDYb",
          "checksum": "8b42e257def7d43b31022bcac4aee393"
        },
        {
          "type": "cssRules",
          "assetId": "xVVehOIDYb",
          "checksum": "8b42e257def7d43b31022bcac4aee393"
        },
        {
          "type": "renderModule",
          "assetId": "plZB1A-Uj8",
          "checksum": "54a424f66a8e096d187ab4ac0903d2a7"
        },
        {
          "type": "cssRules",
          "assetId": "plZB1A-Uj8",
          "checksum": "54a424f66a8e096d187ab4ac0903d2a7"
        },
        {
          "type": "globalVariant",
          "assetId": "9hwEG37kNX",
          "checksum": "0a4750d5a428e1a3813a5a1bfc1fbd80"
        },
        {
          "type": "renderModule",
          "assetId": "RXJa6ld21ci",
          "checksum": "9afd8d8af898dc0be7d9807e6476cdb5"
        },
        {
          "type": "cssRules",
          "assetId": "RXJa6ld21ci",
          "checksum": "9afd8d8af898dc0be7d9807e6476cdb5"
        },
        {
          "type": "icon",
          "assetId": "VTvT8L0CPnm",
          "checksum": "1a20bdfb50447664fa7c45800a978719"
        },
        {
          "type": "icon",
          "assetId": "ON7qZLXAQxN",
          "checksum": "cc591f379185ba8d24422b422f142f13"
        },
        {
          "type": "renderModule",
          "assetId": "kU4eFuQrko",
          "checksum": "09adf9f85483d82761a668aafc1c019f"
        },
        {
          "type": "cssRules",
          "assetId": "kU4eFuQrko",
          "checksum": "09adf9f85483d82761a668aafc1c019f"
        },
        {
          "type": "icon",
          "assetId": "GFhQaEFLo",
          "checksum": "324164df335e232b91b9406b08a2c791"
        },
        {
          "type": "icon",
          "assetId": "ovRZdneIh",
          "checksum": "36982c48db2cb15d574741ded265d6da"
        },
        {
          "type": "icon",
          "assetId": "rh7Opgr7v",
          "checksum": "bc8a4f9be07ab4b30741fc37b47220e1"
        },
        {
          "type": "icon",
          "assetId": "ao2mpgOaJ",
          "checksum": "09c5e363242e71884b660b517522244e"
        },
        {
          "type": "renderModule",
          "assetId": "CQfF1mkHx4",
          "checksum": "b44ea608f3fa359420711cf5039f8bca"
        },
        {
          "type": "cssRules",
          "assetId": "CQfF1mkHx4",
          "checksum": "b44ea608f3fa359420711cf5039f8bca"
        },
        {
          "assetId": "byT51ah2LGWp7TY4NhRWN5",
          "type": "projectCss",
          "checksum": "131630b5733092fb48b8b3ddeee4629a"
        }
      ],
      "codegenVersion": "0.0.1"
    }
  ],
  "cliVersion": "0.1.171"
}
