{
  "projects": [
    {
      "projectId": "byT51ah2LGWp7TY4NhRWN5",
      "version": "latest",
      "dependencies": {},
      "lang": "js",
      "fileLocks": [
        {
          "type": "globalVariant",
          "assetId": "ZHblDRlCkyA0O",
          "checksum": "9ef84416f9865106265f35fabdbbff93"
        },
        {
          "type": "renderModule",
          "assetId": "0ttrvnk3PBsW",
          "checksum": "897e44cb4fb56f03a77b88a6e292b40f"
        },
        {
          "type": "cssRules",
          "assetId": "0ttrvnk3PBsW",
          "checksum": "897e44cb4fb56f03a77b88a6e292b40f"
        },
        {
          "type": "renderModule",
          "assetId": "xVVehOIDYb",
          "checksum": "ef3eb6ebe138f401b1ca2a8bd72eac84"
        },
        {
          "type": "cssRules",
          "assetId": "xVVehOIDYb",
          "checksum": "ef3eb6ebe138f401b1ca2a8bd72eac84"
        },
        {
          "type": "renderModule",
          "assetId": "plZB1A-Uj8",
          "checksum": "54a424f66a8e096d187ab4ac0903d2a7"
        },
        {
          "type": "cssRules",
          "assetId": "plZB1A-Uj8",
          "checksum": "54a424f66a8e096d187ab4ac0903d2a7"
        },
        {
          "type": "globalVariant",
          "assetId": "9hwEG37kNX",
          "checksum": "0a4750d5a428e1a3813a5a1bfc1fbd80"
        },
        {
          "type": "renderModule",
          "assetId": "RXJa6ld21ci",
          "checksum": "b0a929ed366bcc2da55ffdb426ed7ce0"
        },
        {
          "type": "cssRules",
          "assetId": "RXJa6ld21ci",
          "checksum": "b0a929ed366bcc2da55ffdb426ed7ce0"
        },
        {
          "type": "icon",
          "assetId": "VTvT8L0CPnm",
          "checksum": "1a20bdfb50447664fa7c45800a978719"
        },
        {
          "type": "icon",
          "assetId": "ON7qZLXAQxN",
          "checksum": "e81bcd9a539f83fafb4094d822430c54"
        },
        {
          "type": "icon",
          "assetId": "GFhQaEFLo",
          "checksum": "324164df335e232b91b9406b08a2c791"
        },
        {
          "type": "icon",
          "assetId": "ovRZdneIh",
          "checksum": "36982c48db2cb15d574741ded265d6da"
        },
        {
          "type": "icon",
          "assetId": "rh7Opgr7v",
          "checksum": "bc8a4f9be07ab4b30741fc37b47220e1"
        },
        {
          "type": "icon",
          "assetId": "ao2mpgOaJ",
          "checksum": "a37a12735976c63ea31438dbe293080d"
        },
        {
          "type": "renderModule",
          "assetId": "MeM-3KPeHe",
          "checksum": "dad7b0f4505ad16a95d4eeecffb1f695"
        },
        {
          "type": "cssRules",
          "assetId": "MeM-3KPeHe",
          "checksum": "dad7b0f4505ad16a95d4eeecffb1f695"
        },
        {
          "type": "icon",
          "assetId": "rKfHxY0N0",
          "checksum": "435b0b5ee0759f8893d6f3e87021f1ce"
        },
        {
          "type": "renderModule",
          "assetId": "Ez2OM_1IjG",
          "checksum": "4db45f01bed6017a8082fc8dd08df652"
        },
        {
          "type": "cssRules",
          "assetId": "Ez2OM_1IjG",
          "checksum": "4db45f01bed6017a8082fc8dd08df652"
        },
        {
          "type": "icon",
          "assetId": "PJGoLlwR2",
          "checksum": "62050f8e72487ccee101148cca6e79b5"
        },
        {
          "type": "renderModule",
          "assetId": "x1WQduodKu",
          "checksum": "62ea53f7e986716f60ee6fd9b6bd5111"
        },
        {
          "type": "cssRules",
          "assetId": "x1WQduodKu",
          "checksum": "62ea53f7e986716f60ee6fd9b6bd5111"
        },
        {
          "type": "renderModule",
          "assetId": "uQq8eSjRh9",
          "checksum": "ecf0cf32353e356ea4972fce85424a05"
        },
        {
          "type": "cssRules",
          "assetId": "uQq8eSjRh9",
          "checksum": "ecf0cf32353e356ea4972fce85424a05"
        },
        {
          "type": "icon",
          "assetId": "osUcStubx",
          "checksum": "519b2fa6433513ce86c8d0886f1d7f2b"
        },
        {
          "type": "renderModule",
          "assetId": "Ts9o4wPDsr",
          "checksum": "0184a6816a1be424b62cc3f72919af05"
        },
        {
          "type": "cssRules",
          "assetId": "Ts9o4wPDsr",
          "checksum": "0184a6816a1be424b62cc3f72919af05"
        },
        {
          "assetId": "byT51ah2LGWp7TY4NhRWN5",
          "type": "projectCss",
          "checksum": "f61835a8fa62440974951784062f41db"
        }
      ],
      "codegenVersion": "0.0.1"
    }
  ],
  "cliVersion": "0.1.171"
}
